
Microsoft Visual Studio Solution File, Format Version 12.00
# Visual Studio Version 17
VisualStudioVersion = 17.10.35013.160
MinimumVisualStudioVersion = 10.0.40219.1
Project("{FAE04EC0-301F-11D3-BF4B-00C04F79EFBC}") = "fpt_project", "fpt_project\fpt_project.csproj", "{A5A0D8F8-BA78-48B7-9BD3-00DB0F5CF907}"
EndProject
Global
	GlobalSection(SolutionConfigurationPlatforms) = preSolution
		Debug|Any CPU = Debug|Any CPU
		Release|Any CPU = Release|Any CPU
	EndGlobalSection
	GlobalSection(ProjectConfigurationPlatforms) = postSolution
		{A5A0D8F8-BA78-48B7-9BD3-00DB0F5CF907}.Debug|Any CPU.ActiveCfg = Debug|Any CPU
		{A5A0D8F8-BA78-48B7-9BD3-00DB0F5CF907}.Debug|Any CPU.Build.0 = Debug|Any CPU
		{A5A0D8F8-BA78-48B7-9BD3-00DB0F5CF907}.Release|Any CPU.ActiveCfg = Release|Any CPU
		{A5A0D8F8-BA78-48B7-9BD3-00DB0F5CF907}.Release|Any CPU.Build.0 = Release|Any CPU
	EndGlobalSection
	GlobalSection(SolutionProperties) = preSolution
		HideSolutionNode = FALSE
	EndGlobalSection
	GlobalSection(ExtensibilityGlobals) = postSolution
		SolutionGuid = {EBC99D75-5290-408C-A388-E4E7A2BD37C7}
	EndGlobalSection
EndGlobal
